Microsoft Visual Studio Solution File, Format Version 11.00
# Visual Studio 2008

Project("{B6893943-7E4D-5342-8449-7F0A84ABD874}") = "Building_Visualizer_3D_fix", "Assembly-CSharp.csproj", "{60E9CF2B-BAFE-7153-7E7A-E8F40B1B0728}"
EndProject
Project("{B6893943-7E4D-5342-8449-7F0A84ABD874}") = "Building_Visualizer_3D_fix", "Assembly-CSharp-Editor.csproj", "{24E6FBB8-4EA7-118B-E156-B6EF256F377D}"
EndProject
Global
	GlobalSection(SolutionConfigurationPlatforms) = preSolution
		Debug|Any CPU = Debug|Any CPU
		Release|Any CPU = Release|Any CPU
	EndGlobalSection
	GlobalSection(ProjectConfigurationPlatforms) = postSolution
		{60E9CF2B-BAFE-7153-7E7A-E8F40B1B0728}.Debug|Any CPU.ActiveCfg = Debug|Any CPU
		{60E9CF2B-BAFE-7153-7E7A-E8F40B1B0728}.Debug|Any CPU.Build.0 = Debug|Any CPU
		{60E9CF2B-BAFE-7153-7E7A-E8F40B1B0728}.Release|Any CPU.ActiveCfg = Release|Any CPU
		{60E9CF2B-BAFE-7153-7E7A-E8F40B1B0728}.Release|Any CPU.Build.0 = Release|Any CPU
		{24E6FBB8-4EA7-118B-E156-B6EF256F377D}.Debug|Any CPU.ActiveCfg = Debug|Any CPU
		{24E6FBB8-4EA7-118B-E156-B6EF256F377D}.Debug|Any CPU.Build.0 = Debug|Any CPU
		{24E6FBB8-4EA7-118B-E156-B6EF256F377D}.Release|Any CPU.ActiveCfg = Release|Any CPU
		{24E6FBB8-4EA7-118B-E156-B6EF256F377D}.Release|Any CPU.Build.0 = Release|Any CPU
	EndGlobalSection
	GlobalSection(SolutionProperties) = preSolution
		HideSolutionNode = FALSE
	EndGlobalSection
																																																													GlobalSection(MonoDevelopProperties) = preSolution
		StartupItem = Assembly-CSharp.csproj
		Policies = $0
		$0.TextStylePolicy = $1
		$1.inheritsSet = null
		$1.scope = text/x-csharp
		$0.CSharpFormattingPolicy = $2
		$2.inheritsSet = Mono
		$2.inheritsScope = text/x-csharp
		$2.scope = text/x-csharp
		$0.TextStylePolicy = $3
		$3.FileWidth = 120
		$3.TabWidth = 4
		$3.IndentWidth = 4
		$3.EolMarker = Unix
		$3.inheritsSet = Mono
		$3.inheritsScope = text/plain
		$3.scope = text/plain
	EndGlobalSection

EndGlobal
